{
  "name": "runesmith",
  "version": "0.0.3",
  "lockfileVersion": 1,
  "requires": true,
  "dependencies": {
    "@jikurata/events": {
      "version": "3.0.2",
      "resolved": "https://registry.npmjs.org/@jikurata/events/-/events-3.0.2.tgz",
      "integrity": "sha512-97tNYauK0O1DHC6DyDwmiOPWo0MKioOl6KvnER45/9KPpF1gtDK6B8qhpie3l8zlihh69a7ZKawGH/uPgcQWvw==",
      "dev": true
    },
    "@jikurata/html-parser": {
      "version": "0.0.5",
      "resolved": "https://registry.npmjs.org/@jikurata/html-parser/-/html-parser-0.0.5.tgz",
      "integrity": "sha512-ZgbqL8yVjUGzmCXgej5jDVIdG8SLuYjwJjK/B0eyoM5Ak2FxHqgHHw8AKhvE6pG6pS2NRJAExT+UOfJe+tFb8Q=="
    },
    "@jikurata/taste": {
      "version": "1.1.0",
      "resolved": "https://registry.npmjs.org/@jikurata/taste/-/taste-1.1.0.tgz",
      "integrity": "sha512-rO7UiXlzB7fKh9yVgk8AF9QmOJ9t3jxNnYsi1r3sjgvr9nX96F7Z8sLEYb89xkRGsAXhlNt7E/kDjBVeBSWScA==",
      "dev": true,
      "requires": {
        "@jikurata/events": "^3.0.2"
      }
    }
  }
}
