{
  "name": "runesmith",
  "version": "0.0.0",
  "lockfileVersion": 1,
  "requires": true,
  "dependencies": {
    "@jikurata/events": {
      "version": "2.5.3",
      "resolved": "https://registry.npmjs.org/@jikurata/events/-/events-2.5.3.tgz",
      "integrity": "sha512-rfkx8+AfQNOd7Kab9zhU3azApZnyZVsqDLgY0Nq84G9Cdl/ChU8hCKAsjXuag0iM9gOD6AAiQhJPtfGGxzJm7g==",
      "dev": true
    },
    "@jikurata/html-parser": {
      "version": "0.0.4",
      "resolved": "https://registry.npmjs.org/@jikurata/html-parser/-/html-parser-0.0.4.tgz",
      "integrity": "sha512-mYtHIMrgHLW2Asc8JhC/4S6jotj8S7BIH5/lPInBsWbqLe8TJAnev5VsclJziBRsZgl1pNjWY+RRzUMVrdIfHg=="
    },
    "@jikurata/taste": {
      "version": "0.0.6",
      "resolved": "https://registry.npmjs.org/@jikurata/taste/-/taste-0.0.6.tgz",
      "integrity": "sha512-/pLCL81g9TpYC/zv5PY3H0J975HBtMS1jnbiUxQ+f6CVfCbQlELV+qbIK4R4VR/zeskfmybU1hfTi98wMZik8w==",
      "dev": true,
      "requires": {
        "@jikurata/events": "^2.5.3"
      }
    }
  }
}
