{
  "name": "runesmith",
  "version": "0.0.6",
  "lockfileVersion": 1,
  "requires": true,
  "dependencies": {
    "@jikurata/events": {
      "version": "3.0.2",
      "resolved": "https://registry.npmjs.org/@jikurata/events/-/events-3.0.2.tgz",
      "integrity": "sha512-97tNYauK0O1DHC6DyDwmiOPWo0MKioOl6KvnER45/9KPpF1gtDK6B8qhpie3l8zlihh69a7ZKawGH/uPgcQWvw==",
      "dev": true
    },
    "@jikurata/html-parser": {
      "version": "0.0.6",
      "resolved": "https://registry.npmjs.org/@jikurata/html-parser/-/html-parser-0.0.6.tgz",
      "integrity": "sha512-WGg7cjWBjvX5TVQbszXZyFmOuT2KtiN+BBokrgCAw8JqNaazyuT+GYLUv46VGic6CHXvcE/h4zQPLBk1q6REUg=="
    },
    "@jikurata/taste": {
      "version": "1.1.0",
      "resolved": "https://registry.npmjs.org/@jikurata/taste/-/taste-1.1.0.tgz",
      "integrity": "sha512-rO7UiXlzB7fKh9yVgk8AF9QmOJ9t3jxNnYsi1r3sjgvr9nX96F7Z8sLEYb89xkRGsAXhlNt7E/kDjBVeBSWScA==",
      "dev": true,
      "requires": {
        "@jikurata/events": "^3.0.2"
      }
    }
  }
}
